# This file is autogenerated, do not edit; changes may be undone by the next 'dep ensure'.


[[projects]]
  name = "github.com/bitly/go-nsq"
  packages = ["."]
  revision = "eee57a3ac4174c55924125bb15eeeda8cffb6e6f"
  version = "v1.0.7"

[[projects]]
  branch = "master"
  name = "github.com/golang/snappy"
  packages = ["."]
  revision = "553a641470496b2327abcac10b36396bd98e45c9"

[[projects]]
  branch = "master"
  name = "github.com/lib/pq"
  packages = [
    ".",
    "oid"
  ]
  revision = "d34b9ff171c21ad295489235aec8b6626023cd04"

[[projects]]
  branch = "master"
  name = "github.com/o3labs/neo-transaction-watcher"
  packages = [
    "neotx",
    "neotx/network"
  ]
  revision = "e5202130a98c5310268ff4102b4548ecc78fa0f6"

[[projects]]
  branch = "master"
  name = "github.com/o3labs/neo-utils"
  packages = [
    "neoutils/btckey",
    "neoutils/neorpc",
    "neoutils/rfc6979",
    "neoutils/smartcontract"
  ]
  revision = "1ed061123a58f17a10cb213145d2809d212c6050"

[[projects]]
  branch = "master"
  name = "golang.org/x/crypto"
  packages = ["ripemd160"]
  revision = "b0697eccbea9adec5b7ba8008f4c33d98d733388"

[solve-meta]
  analyzer-name = "dep"
  analyzer-version = 1
  inputs-digest = "596f632d53264a9ccac3c65e643b99ff99e37a7610ae33b078809d019d4ae20a"
  solver-name = "gps-cdcl"
  solver-version = 1
